
Microsoft Visual Studio Solution File, Format Version 12.00
# Visual Studio Version 17
VisualStudioVersion = 17.8.34330.188
MinimumVisualStudioVersion = 10.0.40219.1
Project("{FAE04EC0-301F-11D3-BF4B-00C04F79EFBC}") = "APICatalogo", "APICatalogo\APICatalogo.csproj", "{226F9861-A438-4799-A00E-9D8BE71AA083}"
EndProject
Global
	GlobalSection(SolutionConfigurationPlatforms) = preSolution
		Debug|Any CPU = Debug|Any CPU
		Release|Any CPU = Release|Any CPU
	EndGlobalSection
	GlobalSection(ProjectConfigurationPlatforms) = postSolution
		{226F9861-A438-4799-A00E-9D8BE71AA083}.Debug|Any CPU.ActiveCfg = Debug|Any CPU
		{226F9861-A438-4799-A00E-9D8BE71AA083}.Debug|Any CPU.Build.0 = Debug|Any CPU
		{226F9861-A438-4799-A00E-9D8BE71AA083}.Release|Any CPU.ActiveCfg = Release|Any CPU
		{226F9861-A438-4799-A00E-9D8BE71AA083}.Release|Any CPU.Build.0 = Release|Any CPU
	EndGlobalSection
	GlobalSection(SolutionProperties) = preSolution
		HideSolutionNode = FALSE
	EndGlobalSection
	GlobalSection(ExtensibilityGlobals) = postSolution
		SolutionGuid = {DA35EE50-80C0-4DF9-8F05-A786C5BAD5AE}
	EndGlobalSection
EndGlobal
